
Microsoft Visual Studio Solution File, Format Version 12.00
# Visual Studio Version 16
VisualStudioVersion = 16.0.31019.35
MinimumVisualStudioVersion = 10.0.40219.1
Project("{9A19103F-16F7-4668-BE54-9A1E7A4F7556}") = "TelegramBotConsole", "TelegramBotConsole\TelegramBotConsole.csproj", "{DEADCCF8-FFBA-4787-BCEA-F2E7291871DD}"
EndProject
Global
	GlobalSection(SolutionConfigurationPlatforms) = preSolution
		Debug|Any CPU = Debug|Any CPU
		Release|Any CPU = Release|Any CPU
	EndGlobalSection
	GlobalSection(ProjectConfigurationPlatforms) = postSolution
		{DEADCCF8-FFBA-4787-BCEA-F2E7291871DD}.Debug|Any CPU.ActiveCfg = Debug|Any CPU
		{DEADCCF8-FFBA-4787-BCEA-F2E7291871DD}.Debug|Any CPU.Build.0 = Debug|Any CPU
		{DEADCCF8-FFBA-4787-BCEA-F2E7291871DD}.Release|Any CPU.ActiveCfg = Release|Any CPU
		{DEADCCF8-FFBA-4787-BCEA-F2E7291871DD}.Release|Any CPU.Build.0 = Release|Any CPU
	EndGlobalSection
	GlobalSection(SolutionProperties) = preSolution
		HideSolutionNode = FALSE
	EndGlobalSection
	GlobalSection(ExtensibilityGlobals) = postSolution
		SolutionGuid = {F42491DF-3FAC-4459-999C-24A7E61E73B8}
	EndGlobalSection
EndGlobal
